
Microsoft Visual Studio Solution File, Format Version 12.00
# Visual Studio Version 16
VisualStudioVersion = 16.0.30330.147
MinimumVisualStudioVersion = 10.0.40219.1
Project("{FAE04EC0-301F-11D3-BF4B-00C04F79EFBC}") = "eCommerceSite", "eCommerceSite\eCommerceSite.csproj", "{21185BEB-EBA7-4D6A-AC27-20A787B6B600}"
EndProject
Global
	GlobalSection(SolutionConfigurationPlatforms) = preSolution
		Debug|Any CPU = Debug|Any CPU
		Release|Any CPU = Release|Any CPU
	EndGlobalSection
	GlobalSection(ProjectConfigurationPlatforms) = postSolution
		{21185BEB-EBA7-4D6A-AC27-20A787B6B600}.Debug|Any CPU.ActiveCfg = Debug|Any CPU
		{21185BEB-EBA7-4D6A-AC27-20A787B6B600}.Debug|Any CPU.Build.0 = Debug|Any CPU
		{21185BEB-EBA7-4D6A-AC27-20A787B6B600}.Release|Any CPU.ActiveCfg = Release|Any CPU
		{21185BEB-EBA7-4D6A-AC27-20A787B6B600}.Release|Any CPU.Build.0 = Release|Any CPU
	EndGlobalSection
	GlobalSection(SolutionProperties) = preSolution
		HideSolutionNode = FALSE
	EndGlobalSection
	GlobalSection(ExtensibilityGlobals) = postSolution
		SolutionGuid = {C94471B0-BA9C-48CB-AA85-06801526BF5F}
	EndGlobalSection
EndGlobal
